// !$*UTF8*$!
{
	archiveVersion = 1;
	classes = {
	};
	objectVersion = 46;
	objects = {

/* Begin PBXBuildFile section */
		0D4CF643F1CEBDD5EDC7E399 /* Pods_PhuTungMotor.framework in Frameworks */ = {isa = PBXBuildFile; fileRef = 236C21CB9223DBA7315C97A2 /* Pods_PhuTungMotor.framework */; };
		8441CE271E5DB81C00B95A39 /* SearchController.swift in Sources */ = {isa = PBXBuildFile; fileRef = 8441CE261E5DB81C00B95A39 /* SearchController.swift */; };
		8447F7721E4DB2C900B21A19 /* TrangChuController.swift in Sources */ = {isa = PBXBuildFile; fileRef = 8447F7711E4DB2C900B21A19 /* TrangChuController.swift */; };
		84681EFE1E6EDF30005BB939 /* HoiDapAdController.swift in Sources */ = {isa = PBXBuildFile; fileRef = 84681EFD1E6EDF30005BB939 /* HoiDapAdController.swift */; };
		846906E81E6ACA1700B40713 /* TaiKhoanController.swift in Sources */ = {isa = PBXBuildFile; fileRef = 846906E71E6ACA1700B40713 /* TaiKhoanController.swift */; };
		846906EA1E6AD23900B40713 /* NhanVien.swift in Sources */ = {isa = PBXBuildFile; fileRef = 846906E91E6AD23900B40713 /* NhanVien.swift */; };
		846906EC1E6AD7A000B40713 /* CellTaiKhoan.swift in Sources */ = {isa = PBXBuildFile; fileRef = 846906EB1E6AD7A000B40713 /* CellTaiKhoan.swift */; };
		846AEF081E5B2D48000805C9 /* DonHangController.swift in Sources */ = {isa = PBXBuildFile; fileRef = 846AEF071E5B2D48000805C9 /* DonHangController.swift */; };
		846AEF0A1E5B2DFE000805C9 /* DonHang.swift in Sources */ = {isa = PBXBuildFile; fileRef = 846AEF091E5B2DFE000805C9 /* DonHang.swift */; };
		846AEF0C1E5B3134000805C9 /* CellDonHang.swift in Sources */ = {isa = PBXBuildFile; fileRef = 846AEF0B1E5B3134000805C9 /* CellDonHang.swift */; };
		847640451E58573B0053EA9C /* ShoppingController.swift in Sources */ = {isa = PBXBuildFile; fileRef = 847640441E58573B0053EA9C /* ShoppingController.swift */; };
		847640471E5858360053EA9C /* CellShopping.swift in Sources */ = {isa = PBXBuildFile; fileRef = 847640461E5858360053EA9C /* CellShopping.swift */; };
		8478A07F1E1F8B72001919E8 /* HoiDapController.swift in Sources */ = {isa = PBXBuildFile; fileRef = 8478A07E1E1F8B72001919E8 /* HoiDapController.swift */; };
		8478A0811E1F9437001919E8 /* HoiDap.swift in Sources */ = {isa = PBXBuildFile; fileRef = 8478A0801E1F9437001919E8 /* HoiDap.swift */; };
		847BE3C91E6085CB00D96F88 /* SuaDNController.swift in Sources */ = {isa = PBXBuildFile; fileRef = 847BE3C81E6085CB00D96F88 /* SuaDNController.swift */; };
		847E4CD81E5C235900B84FFF /* ChiTietDHController.swift in Sources */ = {isa = PBXBuildFile; fileRef = 847E4CD71E5C235900B84FFF /* ChiTietDHController.swift */; };
		847E4CDA1E5C297B00B84FFF /* CellProduct.swift in Sources */ = {isa = PBXBuildFile; fileRef = 847E4CD91E5C297B00B84FFF /* CellProduct.swift */; };
		848607F11E6C062600C9DE02 /* AddAccController.swift in Sources */ = {isa = PBXBuildFile; fileRef = 848607F01E6C062600C9DE02 /* AddAccController.swift */; };
		8486DE311E6FA1AB00830AF8 /* LstHoiDapAdController.swift in Sources */ = {isa = PBXBuildFile; fileRef = 8486DE301E6FA1AB00830AF8 /* LstHoiDapAdController.swift */; };
		8486DE331E6FBC9F00830AF8 /* TraLoiHoiDapController.swift in Sources */ = {isa = PBXBuildFile; fileRef = 8486DE321E6FBC9F00830AF8 /* TraLoiHoiDapController.swift */; };
		8486E19F1E6034320085782D /* ListPerController.swift in Sources */ = {isa = PBXBuildFile; fileRef = 8486E19E1E6034320085782D /* ListPerController.swift */; };
		8486E1A11E6035B60085782D /* MenuAdminController.swift in Sources */ = {isa = PBXBuildFile; fileRef = 8486E1A01E6035B60085782D /* MenuAdminController.swift */; };
		8487274A1E1A8C3F008D3F0E /* TinTucController.swift in Sources */ = {isa = PBXBuildFile; fileRef = 848727491E1A8C3F008D3F0E /* TinTucController.swift */; };
		8487274C1E1A8EE8008D3F0E /* TinTuc.swift in Sources */ = {isa = PBXBuildFile; fileRef = 8487274B1E1A8EE8008D3F0E /* TinTuc.swift */; };
		8487274E1E1A91EA008D3F0E /* CellTinTuc.swift in Sources */ = {isa = PBXBuildFile; fileRef = 8487274D1E1A91EA008D3F0E /* CellTinTuc.swift */; };
		848727501E1A975F008D3F0E /* BaseCollectCell.swift in Sources */ = {isa = PBXBuildFile; fileRef = 8487274F1E1A975F008D3F0E /* BaseCollectCell.swift */; };
		848945381E4C782000B2C873 /* CustomBGSectionColletionView.swift in Sources */ = {isa = PBXBuildFile; fileRef = 848945371E4C782000B2C873 /* CustomBGSectionColletionView.swift */; };
		848991221E1BA5D80005CC7B /* TinTucDetailController.swift in Sources */ = {isa = PBXBuildFile; fileRef = 848991211E1BA5D80005CC7B /* TinTucDetailController.swift */; };
		848C90001E7013F500AE4E24 /* XacNhanHDController.swift in Sources */ = {isa = PBXBuildFile; fileRef = 848C8FFF1E7013F500AE4E24 /* XacNhanHDController.swift */; };
		848E27B01E59D12D00B5A5E5 /* CellSumShopping.swift in Sources */ = {isa = PBXBuildFile; fileRef = 848E27AF1E59D12D00B5A5E5 /* CellSumShopping.swift */; };
		8490FE481E5ED8BB001BE617 /* CellPermission.swift in Sources */ = {isa = PBXBuildFile; fileRef = 8490FE471E5ED8BB001BE617 /* CellPermission.swift */; };
		8490FE4C1E5EF68D001BE617 /* Permission.swift in Sources */ = {isa = PBXBuildFile; fileRef = 8490FE4B1E5EF68D001BE617 /* Permission.swift */; };
		8492EFB11E0CD841005D58D4 /* IntroController.swift in Sources */ = {isa = PBXBuildFile; fileRef = 8492EFB01E0CD841005D58D4 /* IntroController.swift */; };
		8492EFB31E0CD870005D58D4 /* Constants.swift in Sources */ = {isa = PBXBuildFile; fileRef = 8492EFB21E0CD870005D58D4 /* Constants.swift */; };
		8492EFB91E0CD981005D58D4 /* Extension.swift in Sources */ = {isa = PBXBuildFile; fileRef = 8492EFB81E0CD981005D58D4 /* Extension.swift */; };
		8492EFBB1E0CD9B0005D58D4 /* AppStyle.swift in Sources */ = {isa = PBXBuildFile; fileRef = 8492EFBA1E0CD9B0005D58D4 /* AppStyle.swift */; };
		8492EFBD1E0CDA38005D58D4 /* BaseTableCell.swift in Sources */ = {isa = PBXBuildFile; fileRef = 8492EFBC1E0CDA38005D58D4 /* BaseTableCell.swift */; };
		8492EFBF1E0CDAAD005D58D4 /* GoogleService-Info.plist in Resources */ = {isa = PBXBuildFile; fileRef = 8492EFBE1E0CDAAD005D58D4 /* GoogleService-Info.plist */; };
		8492EFC61E0CDAC5005D58D4 /* BaseController.swift in Sources */ = {isa = PBXBuildFile; fileRef = 8492EFC01E0CDAC5005D58D4 /* BaseController.swift */; };
		8492EFC71E0CDAC5005D58D4 /* ForgotPassController.swift in Sources */ = {isa = PBXBuildFile; fileRef = 8492EFC11E0CDAC5005D58D4 /* ForgotPassController.swift */; };
		8492EFC91E0CDAC5005D58D4 /* LoginController.swift in Sources */ = {isa = PBXBuildFile; fileRef = 8492EFC31E0CDAC5005D58D4 /* LoginController.swift */; };
		8492EFCA1E0CDAC5005D58D4 /* RegisterController.swift in Sources */ = {isa = PBXBuildFile; fileRef = 8492EFC41E0CDAC5005D58D4 /* RegisterController.swift */; };
		8492EFCB1E0CDAC5005D58D4 /* UpdateInfoController.swift in Sources */ = {isa = PBXBuildFile; fileRef = 8492EFC51E0CDAC5005D58D4 /* UpdateInfoController.swift */; };
		849DFF321E306BAE00B36605 /* HeaderSanPham.swift in Sources */ = {isa = PBXBuildFile; fileRef = 849DFF311E306BAE00B36605 /* HeaderSanPham.swift */; };
		849F0A441E5E9ACD00341FD9 /* AdminController.swift in Sources */ = {isa = PBXBuildFile; fileRef = 849F0A431E5E9ACD00341FD9 /* AdminController.swift */; };
		84A43E731E55924D00764564 /* MyProtocol.swift in Sources */ = {isa = PBXBuildFile; fileRef = 84A43E721E55924D00764564 /* MyProtocol.swift */; };
		84A43E751E559A1700764564 /* ProductDetailController.swift in Sources */ = {isa = PBXBuildFile; fileRef = 84A43E741E559A1700764564 /* ProductDetailController.swift */; };
		84A9969B1E4D5A2300FBFE86 /* CellBanner.swift in Sources */ = {isa = PBXBuildFile; fileRef = 84A9969A1E4D5A2300FBFE86 /* CellBanner.swift */; };
		84A9969D1E4D5DE500FBFE86 /* ProductController.swift in Sources */ = {isa = PBXBuildFile; fileRef = 84A9969C1E4D5DE500FBFE86 /* ProductController.swift */; };
		84A9969F1E4D608000FBFE86 /* LoaiXeController.swift in Sources */ = {isa = PBXBuildFile; fileRef = 84A9969E1E4D608000FBFE86 /* LoaiXeController.swift */; };
		84B03A0C1E189FAD0030B767 /* HangXe.swift in Sources */ = {isa = PBXBuildFile; fileRef = 84B03A0B1E189FAD0030B767 /* HangXe.swift */; };
		84B03A0E1E189FD80030B767 /* LoaiXe.swift in Sources */ = {isa = PBXBuildFile; fileRef = 84B03A0D1E189FD80030B767 /* LoaiXe.swift */; };
		84B03A101E189FEC0030B767 /* SanPham.swift in Sources */ = {isa = PBXBuildFile; fileRef = 84B03A0F1E189FEC0030B767 /* SanPham.swift */; };
		84B03A121E18A0210030B767 /* KhachHang.swift in Sources */ = {isa = PBXBuildFile; fileRef = 84B03A111E18A0210030B767 /* KhachHang.swift */; };
		84B03A141E18A0440030B767 /* DiaChi.swift in Sources */ = {isa = PBXBuildFile; fileRef = 84B03A131E18A0440030B767 /* DiaChi.swift */; };
		84B03A161E18A0CD0030B767 /* CellMenu.swift in Sources */ = {isa = PBXBuildFile; fileRef = 84B03A151E18A0CD0030B767 /* CellMenu.swift */; };
		84BCDC681E26350800A2A7D3 /* CellLoaiXe.swift in Sources */ = {isa = PBXBuildFile; fileRef = 84BCDC671E26350800A2A7D3 /* CellLoaiXe.swift */; };
		84BCDC6A1E26388000A2A7D3 /* CellSanPham.swift in Sources */ = {isa = PBXBuildFile; fileRef = 84BCDC691E26388000A2A7D3 /* CellSanPham.swift */; };
		84BDBAD21E5993380082D571 /* FooterShopping.swift in Sources */ = {isa = PBXBuildFile; fileRef = 84BDBAD11E5993380082D571 /* FooterShopping.swift */; };
		84BDBAD41E5995450082D571 /* BaseCollReusableView.swift in Sources */ = {isa = PBXBuildFile; fileRef = 84BDBAD31E5995450082D571 /* BaseCollReusableView.swift */; };
		84BDBAD61E599D7A0082D571 /* GioHang.swift in Sources */ = {isa = PBXBuildFile; fileRef = 84BDBAD51E599D7A0082D571 /* GioHang.swift */; };
		84D47FFC1E1F9A3B00F93FFD /* HoiDapDetailController.swift in Sources */ = {isa = PBXBuildFile; fileRef = 84D47FFB1E1F9A3B00F93FFD /* HoiDapDetailController.swift */; };
		84D47FFE1E1F9B3300F93FFD /* CellHoiDap.swift in Sources */ = {isa = PBXBuildFile; fileRef = 84D47FFD1E1F9B3300F93FFD /* CellHoiDap.swift */; };
		84D4E1F11E67CC6600E00D44 /* DatCauHoiController.swift in Sources */ = {isa = PBXBuildFile; fileRef = 84D4E1F01E67CC6600E00D44 /* DatCauHoiController.swift */; };
		84E8DBCF1E5FD2EC00636E26 /* CellPhanQuyen.swift in Sources */ = {isa = PBXBuildFile; fileRef = 84E8DBCE1E5FD2EC00636E26 /* CellPhanQuyen.swift */; };
		84FAEEEE1E0CD22400745B1D /* AppDelegate.swift in Sources */ = {isa = PBXBuildFile; fileRef = 84FAEEED1E0CD22400745B1D /* AppDelegate.swift */; };
		84FAEEF31E0CD22400745B1D /* Main.storyboard in Resources */ = {isa = PBXBuildFile; fileRef = 84FAEEF11E0CD22400745B1D /* Main.storyboard */; };
		84FAEEF51E0CD22400745B1D /* Assets.xcassets in Resources */ = {isa = PBXBuildFile; fileRef = 84FAEEF41E0CD22400745B1D /* Assets.xcassets */; };
		84FAEEF81E0CD22400745B1D /* LaunchScreen.storyboard in Resources */ = {isa = PBXBuildFile; fileRef = 84FAEEF61E0CD22400745B1D /* LaunchScreen.storyboard */; };
		84FDD9561E1A4CAF00935753 /* ChangePassController.swift in Sources */ = {isa = PBXBuildFile; fileRef = 84FDD9551E1A4CAF00935753 /* ChangePassController.swift */; };
/* End PBXBuildFile section */

/* Begin PBXFileReference section */
		236C21CB9223DBA7315C97A2 /* Pods_PhuTungMotor.framework */ = {isa = PBXFileReference; explicitFileType = wrapper.framework; includeInIndex = 0; path = Pods_PhuTungMotor.framework; sourceTree = BUILT_PRODUCTS_DIR; };
		8441CE261E5DB81C00B95A39 /* SearchController.swift */ = {isa = PBXFileReference; fileEncoding = 4; lastKnownFileType = sourcecode.swift; path = SearchController.swift; sourceTree = "<group>"; };
		8447F7711E4DB2C900B21A19 /* TrangChuController.swift */ = {isa = PBXFileReference; fileEncoding = 4; lastKnownFileType = sourcecode.swift; path = TrangChuController.swift; sourceTree = "<group>"; };
		84681EFD1E6EDF30005BB939 /* HoiDapAdController.swift */ = {isa = PBXFileReference; fileEncoding = 4; lastKnownFileType = sourcecode.swift; path = HoiDapAdController.swift; sourceTree = "<group>"; };
		846906E71E6ACA1700B40713 /* TaiKhoanController.swift */ = {isa = PBXFileReference; fileEncoding = 4; lastKnownFileType = sourcecode.swift; path = TaiKhoanController.swift; sourceTree = "<group>"; };
		846906E91E6AD23900B40713 /* NhanVien.swift */ = {isa = PBXFileReference; fileEncoding = 4; lastKnownFileType = sourcecode.swift; path = NhanVien.swift; sourceTree = "<group>"; };
		846906EB1E6AD7A000B40713 /* CellTaiKhoan.swift */ = {isa = PBXFileReference; fileEncoding = 4; lastKnownFileType = sourcecode.swift; path = CellTaiKhoan.swift; sourceTree = "<group>"; };
		846AEF071E5B2D48000805C9 /* DonHangController.swift */ = {isa = PBXFileReference; fileEncoding = 4; lastKnownFileType = sourcecode.swift; path = DonHangController.swift; sourceTree = "<group>"; };
		846AEF091E5B2DFE000805C9 /* DonHang.swift */ = {isa = PBXFileReference; fileEncoding = 4; lastKnownFileType = sourcecode.swift; path = DonHang.swift; sourceTree = "<group>"; };
		846AEF0B1E5B3134000805C9 /* CellDonHang.swift */ = {isa = PBXFileReference; fileEncoding = 4; lastKnownFileType = sourcecode.swift; path = CellDonHang.swift; sourceTree = "<group>"; };
		847640441E58573B0053EA9C /* ShoppingController.swift */ = {isa = PBXFileReference; fileEncoding = 4; lastKnownFileType = sourcecode.swift; path = ShoppingController.swift; sourceTree = "<group>"; };
		847640461E5858360053EA9C /* CellShopping.swift */ = {isa = PBXFileReference; fileEncoding = 4; lastKnownFileType = sourcecode.swift; path = CellShopping.swift; sourceTree = "<group>"; };
		8478A07E1E1F8B72001919E8 /* HoiDapController.swift */ = {isa = PBXFileReference; fileEncoding = 4; lastKnownFileType = sourcecode.swift; path = HoiDapController.swift; sourceTree = "<group>"; };
		8478A0801E1F9437001919E8 /* HoiDap.swift */ = {isa = PBXFileReference; fileEncoding = 4; lastKnownFileType = sourcecode.swift; path = HoiDap.swift; sourceTree = "<group>"; };
		847BE3C81E6085CB00D96F88 /* SuaDNController.swift */ = {isa = PBXFileReference; fileEncoding = 4; lastKnownFileType = sourcecode.swift; path = SuaDNController.swift; sourceTree = "<group>"; };
		847E4CD71E5C235900B84FFF /* ChiTietDHController.swift */ = {isa = PBXFileReference; fileEncoding = 4; lastKnownFileType = sourcecode.swift; path = ChiTietDHController.swift; sourceTree = "<group>"; };
		847E4CD91E5C297B00B84FFF /* CellProduct.swift */ = {isa = PBXFileReference; fileEncoding = 4; lastKnownFileType = sourcecode.swift; path = CellProduct.swift; sourceTree = "<group>"; };
		848607F01E6C062600C9DE02 /* AddAccController.swift */ = {isa = PBXFileReference; fileEncoding = 4; lastKnownFileType = sourcecode.swift; path = AddAccController.swift; sourceTree = "<group>"; };
		8486DE301E6FA1AB00830AF8 /* LstHoiDapAdController.swift */ = {isa = PBXFileReference; fileEncoding = 4; lastKnownFileType = sourcecode.swift; path = LstHoiDapAdController.swift; sourceTree = "<group>"; };
		8486DE321E6FBC9F00830AF8 /* TraLoiHoiDapController.swift */ = {isa = PBXFileReference; fileEncoding = 4; lastKnownFileType = sourcecode.swift; path = TraLoiHoiDapController.swift; sourceTree = "<group>"; };
		8486E19E1E6034320085782D /* ListPerController.swift */ = {isa = PBXFileReference; fileEncoding = 4; lastKnownFileType = sourcecode.swift; path = ListPerController.swift; sourceTree = "<group>"; };
		8486E1A01E6035B60085782D /* MenuAdminController.swift */ = {isa = PBXFileReference; fileEncoding = 4; lastKnownFileType = sourcecode.swift; path = MenuAdminController.swift; sourceTree = "<group>"; };
		848727491E1A8C3F008D3F0E /* TinTucController.swift */ = {isa = PBXFileReference; fileEncoding = 4; lastKnownFileType = sourcecode.swift; path = TinTucController.swift; sourceTree = "<group>"; };
		8487274B1E1A8EE8008D3F0E /* TinTuc.swift */ = {isa = PBXFileReference; fileEncoding = 4; lastKnownFileType = sourcecode.swift; path = TinTuc.swift; sourceTree = "<group>"; };
		8487274D1E1A91EA008D3F0E /* CellTinTuc.swift */ = {isa = PBXFileReference; fileEncoding = 4; lastKnownFileType = sourcecode.swift; path = CellTinTuc.swift; sourceTree = "<group>"; };
		8487274F1E1A975F008D3F0E /* BaseCollectCell.swift */ = {isa = PBXFileReference; fileEncoding = 4; lastKnownFileType = sourcecode.swift; path = BaseCollectCell.swift; sourceTree = "<group>"; };
		848945371E4C782000B2C873 /* CustomBGSectionColletionView.swift */ = {isa = PBXFileReference; fileEncoding = 4; lastKnownFileType = sourcecode.swift; path = CustomBGSectionColletionView.swift; sourceTree = "<group>"; };
		848991211E1BA5D80005CC7B /* TinTucDetailController.swift */ = {isa = PBXFileReference; fileEncoding = 4; lastKnownFileType = sourcecode.swift; path = TinTucDetailController.swift; sourceTree = "<group>"; };
		848C8FFF1E7013F500AE4E24 /* XacNhanHDController.swift */ = {isa = PBXFileReference; fileEncoding = 4; lastKnownFileType = sourcecode.swift; path = XacNhanHDController.swift; sourceTree = "<group>"; };
		848E27AF1E59D12D00B5A5E5 /* CellSumShopping.swift */ = {isa = PBXFileReference; fileEncoding = 4; lastKnownFileType = sourcecode.swift; path = CellSumShopping.swift; sourceTree = "<group>"; };
		8490FE471E5ED8BB001BE617 /* CellPermission.swift */ = {isa = PBXFileReference; fileEncoding = 4; lastKnownFileType = sourcecode.swift; path = CellPermission.swift; sourceTree = "<group>"; };
		8490FE4B1E5EF68D001BE617 /* Permission.swift */ = {isa = PBXFileReference; fileEncoding = 4; lastKnownFileType = sourcecode.swift; path = Permission.swift; sourceTree = "<group>"; };
		8492EFB01E0CD841005D58D4 /* IntroController.swift */ = {isa = PBXFileReference; fileEncoding = 4; lastKnownFileType = sourcecode.swift; path = IntroController.swift; sourceTree = "<group>"; };
		8492EFB21E0CD870005D58D4 /* Constants.swift */ = {isa = PBXFileReference; fileEncoding = 4; lastKnownFileType = sourcecode.swift; path = Constants.swift; sourceTree = "<group>"; };
		8492EFB81E0CD981005D58D4 /* Extension.swift */ = {isa = PBXFileReference; fileEncoding = 4; lastKnownFileType = sourcecode.swift; path = Extension.swift; sourceTree = "<group>"; };
		8492EFBA1E0CD9B0005D58D4 /* AppStyle.swift */ = {isa = PBXFileReference; fileEncoding = 4; lastKnownFileType = sourcecode.swift; path = AppStyle.swift; sourceTree = "<group>"; };
		8492EFBC1E0CDA38005D58D4 /* BaseTableCell.swift */ = {isa = PBXFileReference; fileEncoding = 4; lastKnownFileType = sourcecode.swift; path = BaseTableCell.swift; sourceTree = "<group>"; };
		8492EFBE1E0CDAAD005D58D4 /* GoogleService-Info.plist */ = {isa = PBXFileReference; fileEncoding = 4; lastKnownFileType = text.plist.xml; path = "GoogleService-Info.plist"; sourceTree = "<group>"; };
		8492EFC01E0CDAC5005D58D4 /* BaseController.swift */ = {isa = PBXFileReference; fileEncoding = 4; lastKnownFileType = sourcecode.swift; path = BaseController.swift; sourceTree = "<group>"; };
		8492EFC11E0CDAC5005D58D4 /* ForgotPassController.swift */ = {isa = PBXFileReference; fileEncoding = 4; lastKnownFileType = sourcecode.swift; path = ForgotPassController.swift; sourceTree = "<group>"; };
		8492EFC31E0CDAC5005D58D4 /* LoginController.swift */ = {isa = PBXFileReference; fileEncoding = 4; lastKnownFileType = sourcecode.swift; path = LoginController.swift; sourceTree = "<group>"; };
		8492EFC41E0CDAC5005D58D4 /* RegisterController.swift */ = {isa = PBXFileReference; fileEncoding = 4; lastKnownFileType = sourcecode.swift; path = RegisterController.swift; sourceTree = "<group>"; };
		8492EFC51E0CDAC5005D58D4 /* UpdateInfoController.swift */ = {isa = PBXFileReference; fileEncoding = 4; lastKnownFileType = sourcecode.swift; path = UpdateInfoController.swift; sourceTree = "<group>"; };
		849DFF311E306BAE00B36605 /* HeaderSanPham.swift */ = {isa = PBXFileReference; fileEncoding = 4; lastKnownFileType = sourcecode.swift; path = HeaderSanPham.swift; sourceTree = "<group>"; };
		849F0A431E5E9ACD00341FD9 /* AdminController.swift */ = {isa = PBXFileReference; fileEncoding = 4; lastKnownFileType = sourcecode.swift; path = AdminController.swift; sourceTree = "<group>"; };
		84A43E721E55924D00764564 /* MyProtocol.swift */ = {isa = PBXFileReference; fileEncoding = 4; lastKnownFileType = sourcecode.swift; path = MyProtocol.swift; sourceTree = "<group>"; };
		84A43E741E559A1700764564 /* ProductDetailController.swift */ = {isa = PBXFileReference; fileEncoding = 4; lastKnownFileType = sourcecode.swift; path = ProductDetailController.swift; sourceTree = "<group>"; };
		84A9969A1E4D5A2300FBFE86 /* CellBanner.swift */ = {isa = PBXFileReference; fileEncoding = 4; lastKnownFileType = sourcecode.swift; path = CellBanner.swift; sourceTree = "<group>"; };
		84A9969C1E4D5DE500FBFE86 /* ProductController.swift */ = {isa = PBXFileReference; fileEncoding = 4; lastKnownFileType = sourcecode.swift; path = ProductController.swift; sourceTree = "<group>"; };
		84A9969E1E4D608000FBFE86 /* LoaiXeController.swift */ = {isa = PBXFileReference; fileEncoding = 4; lastKnownFileType = sourcecode.swift; path = LoaiXeController.swift; sourceTree = "<group>"; };
		84B03A0B1E189FAD0030B767 /* HangXe.swift */ = {isa = PBXFileReference; fileEncoding = 4; lastKnownFileType = sourcecode.swift; path = HangXe.swift; sourceTree = "<group>"; };
		84B03A0D1E189FD80030B767 /* LoaiXe.swift */ = {isa = PBXFileReference; fileEncoding = 4; lastKnownFileType = sourcecode.swift; path = LoaiXe.swift; sourceTree = "<group>"; };
		84B03A0F1E189FEC0030B767 /* SanPham.swift */ = {isa = PBXFileReference; fileEncoding = 4; lastKnownFileType = sourcecode.swift; path = SanPham.swift; sourceTree = "<group>"; };
		84B03A111E18A0210030B767 /* KhachHang.swift */ = {isa = PBXFileReference; fileEncoding = 4; lastKnownFileType = sourcecode.swift; path = KhachHang.swift; sourceTree = "<group>"; };
		84B03A131E18A0440030B767 /* DiaChi.swift */ = {isa = PBXFileReference; fileEncoding = 4; lastKnownFileType = sourcecode.swift; path = DiaChi.swift; sourceTree = "<group>"; };
		84B03A151E18A0CD0030B767 /* CellMenu.swift */ = {isa = PBXFileReference; fileEncoding = 4; lastKnownFileType = sourcecode.swift; path = CellMenu.swift; sourceTree = "<group>"; };
		84BCDC671E26350800A2A7D3 /* CellLoaiXe.swift */ = {isa = PBXFileReference; fileEncoding = 4; lastKnownFileType = sourcecode.swift; path = CellLoaiXe.swift; sourceTree = "<group>"; };
		84BCDC691E26388000A2A7D3 /* CellSanPham.swift */ = {isa = PBXFileReference; fileEncoding = 4; lastKnownFileType = sourcecode.swift; path = CellSanPham.swift; sourceTree = "<group>"; };
		84BDBAD11E5993380082D571 /* FooterShopping.swift */ = {isa = PBXFileReference; fileEncoding = 4; lastKnownFileType = sourcecode.swift; path = FooterShopping.swift; sourceTree = "<group>"; };
		84BDBAD31E5995450082D571 /* BaseCollReusableView.swift */ = {isa = PBXFileReference; fileEncoding = 4; lastKnownFileType = sourcecode.swift; path = BaseCollReusableView.swift; sourceTree = "<group>"; };
		84BDBAD51E599D7A0082D571 /* GioHang.swift */ = {isa = PBXFileReference; fileEncoding = 4; lastKnownFileType = sourcecode.swift; path = GioHang.swift; sourceTree = "<group>"; };
		84D47FFB1E1F9A3B00F93FFD /* HoiDapDetailController.swift */ = {isa = PBXFileReference; fileEncoding = 4; lastKnownFileType = sourcecode.swift; path = HoiDapDetailController.swift; sourceTree = "<group>"; };
		84D47FFD1E1F9B3300F93FFD /* CellHoiDap.swift */ = {isa = PBXFileReference; fileEncoding = 4; lastKnownFileType = sourcecode.swift; path = CellHoiDap.swift; sourceTree = "<group>"; };
		84D4E1F01E67CC6600E00D44 /* DatCauHoiController.swift */ = {isa = PBXFileReference; fileEncoding = 4; lastKnownFileType = sourcecode.swift; path = DatCauHoiController.swift; sourceTree = "<group>"; };
		84E8DBCE1E5FD2EC00636E26 /* CellPhanQuyen.swift */ = {isa = PBXFileReference; fileEncoding = 4; lastKnownFileType = sourcecode.swift; path = CellPhanQuyen.swift; sourceTree = "<group>"; };
		84FAEEEA1E0CD22400745B1D /* PhuTungMotor.app */ = {isa = PBXFileReference; explicitFileType = wrapper.application; includeInIndex = 0; path = PhuTungMotor.app; sourceTree = BUILT_PRODUCTS_DIR; };
		84FAEEED1E0CD22400745B1D /* AppDelegate.swift */ = {isa = PBXFileReference; lastKnownFileType = sourcecode.swift; path = AppDelegate.swift; sourceTree = "<group>"; };
		84FAEEF21E0CD22400745B1D /* Base */ = {isa = PBXFileReference; lastKnownFileType = file.storyboard; name = Base; path = Base.lproj/Main.storyboard; sourceTree = "<group>"; };
		84FAEEF41E0CD22400745B1D /* Assets.xcassets */ = {isa = PBXFileReference; lastKnownFileType = folder.assetcatalog; path = Assets.xcassets; sourceTree = "<group>"; };
		84FAEEF71E0CD22400745B1D /* Base */ = {isa = PBXFileReference; lastKnownFileType = file.storyboard; name = Base; path = Base.lproj/LaunchScreen.storyboard; sourceTree = "<group>"; };
		84FAEEF91E0CD22400745B1D /* Info.plist */ = {isa = PBXFileReference; lastKnownFileType = text.plist.xml; path = Info.plist; sourceTree = "<group>"; };
		84FDD9551E1A4CAF00935753 /* ChangePassController.swift */ = {isa = PBXFileReference; fileEncoding = 4; lastKnownFileType = sourcecode.swift; path = ChangePassController.swift; sourceTree = "<group>"; };
		AD072B63514E94792B06B19D /* Pods-PhuTungMotor.release.xcconfig */ = {isa = PBXFileReference; includeInIndex = 1; lastKnownFileType = text.xcconfig; name = "Pods-PhuTungMotor.release.xcconfig"; path = "Pods/Target Support Files/Pods-PhuTungMotor/Pods-PhuTungMotor.release.xcconfig"; sourceTree = "<group>"; };
		F26D3C2CF293ABF91272C066 /* Pods-PhuTungMotor.debug.xcconfig */ = {isa = PBXFileReference; includeInIndex = 1; lastKnownFileType = text.xcconfig; name = "Pods-PhuTungMotor.debug.xcconfig"; path = "Pods/Target Support Files/Pods-PhuTungMotor/Pods-PhuTungMotor.debug.xcconfig"; sourceTree = "<group>"; };
/* End PBXFileReference section */

/* Begin PBXFrameworksBuildPhase section */
		84FAEEE71E0CD22400745B1D /* Frameworks */ = {
			isa = PBXFrameworksBuildPhase;
			buildActionMask = 2147483647;
			files = (
				0D4CF643F1CEBDD5EDC7E399 /* Pods_PhuTungMotor.framework in Frameworks */,
			);
			runOnlyForDeploymentPostprocessing = 0;
		};
/* End PBXFrameworksBuildPhase section */

/* Begin PBXGroup section */
		8455D2C91E1E826A0021D0F1 /* Support */ = {
			isa = PBXGroup;
			children = (
				84FAEEED1E0CD22400745B1D /* AppDelegate.swift */,
				8492EFBE1E0CDAAD005D58D4 /* GoogleService-Info.plist */,
				84FAEEF11E0CD22400745B1D /* Main.storyboard */,
				84FAEEF41E0CD22400745B1D /* Assets.xcassets */,
				84FAEEF61E0CD22400745B1D /* LaunchScreen.storyboard */,
				84FAEEF91E0CD22400745B1D /* Info.plist */,
			);
			name = Support;
			sourceTree = "<group>";
		};
		847BE3C61E60824000D96F88 /* Admin */ = {
			isa = PBXGroup;
			children = (
				849F0A431E5E9ACD00341FD9 /* AdminController.swift */,
				8486E19E1E6034320085782D /* ListPerController.swift */,
				8486E1A01E6035B60085782D /* MenuAdminController.swift */,
				847BE3C81E6085CB00D96F88 /* SuaDNController.swift */,
				846906E71E6ACA1700B40713 /* TaiKhoanController.swift */,
				848607F01E6C062600C9DE02 /* AddAccController.swift */,
				84681EFD1E6EDF30005BB939 /* HoiDapAdController.swift */,
				8486DE301E6FA1AB00830AF8 /* LstHoiDapAdController.swift */,
				8486DE321E6FBC9F00830AF8 /* TraLoiHoiDapController.swift */,
				848C8FFF1E7013F500AE4E24 /* XacNhanHDController.swift */,
			);
			name = Admin;
			sourceTree = "<group>";
		};
		847BE3C71E60825300D96F88 /* Custommer */ = {
			isa = PBXGroup;
			children = (
				8492EFC11E0CDAC5005D58D4 /* ForgotPassController.swift */,
				8492EFC31E0CDAC5005D58D4 /* LoginController.swift */,
				8492EFC41E0CDAC5005D58D4 /* RegisterController.swift */,
				8492EFC51E0CDAC5005D58D4 /* UpdateInfoController.swift */,
				8492EFB01E0CD841005D58D4 /* IntroController.swift */,
				84FDD9551E1A4CAF00935753 /* ChangePassController.swift */,
				848727491E1A8C3F008D3F0E /* TinTucController.swift */,
				848991211E1BA5D80005CC7B /* TinTucDetailController.swift */,
				8478A07E1E1F8B72001919E8 /* HoiDapController.swift */,
				84D47FFB1E1F9A3B00F93FFD /* HoiDapDetailController.swift */,
				84A9969C1E4D5DE500FBFE86 /* ProductController.swift */,
				84A9969E1E4D608000FBFE86 /* LoaiXeController.swift */,
				8447F7711E4DB2C900B21A19 /* TrangChuController.swift */,
				84A43E741E559A1700764564 /* ProductDetailController.swift */,
				847640441E58573B0053EA9C /* ShoppingController.swift */,
				846AEF071E5B2D48000805C9 /* DonHangController.swift */,
				847E4CD71E5C235900B84FFF /* ChiTietDHController.swift */,
				8441CE261E5DB81C00B95A39 /* SearchController.swift */,
				84D4E1F01E67CC6600E00D44 /* DatCauHoiController.swift */,
			);
			name = Custommer;
			sourceTree = "<group>";
		};
		8484E9961E16B660009EF666 /* View */ = {
			isa = PBXGroup;
			children = (
				8487274F1E1A975F008D3F0E /* BaseCollectCell.swift */,
				8492EFBC1E0CDA38005D58D4 /* BaseTableCell.swift */,
				84BDBAD31E5995450082D571 /* BaseCollReusableView.swift */,
				846AEF0B1E5B3134000805C9 /* CellDonHang.swift */,
				84B03A151E18A0CD0030B767 /* CellMenu.swift */,
				8487274D1E1A91EA008D3F0E /* CellTinTuc.swift */,
				84D47FFD1E1F9B3300F93FFD /* CellHoiDap.swift */,
				84BCDC671E26350800A2A7D3 /* CellLoaiXe.swift */,
				847E4CD91E5C297B00B84FFF /* CellProduct.swift */,
				84BCDC691E26388000A2A7D3 /* CellSanPham.swift */,
				84A9969A1E4D5A2300FBFE86 /* CellBanner.swift */,
				847640461E5858360053EA9C /* CellShopping.swift */,
				848E27AF1E59D12D00B5A5E5 /* CellSumShopping.swift */,
				84BDBAD11E5993380082D571 /* FooterShopping.swift */,
				849DFF311E306BAE00B36605 /* HeaderSanPham.swift */,
				8490FE471E5ED8BB001BE617 /* CellPermission.swift */,
				84E8DBCE1E5FD2EC00636E26 /* CellPhanQuyen.swift */,
				846906EB1E6AD7A000B40713 /* CellTaiKhoan.swift */,
			);
			name = View;
			sourceTree = "<group>";
		};
		8492EFAF1E0CD82B005D58D4 /* Controller */ = {
			isa = PBXGroup;
			children = (
				8492EFC01E0CDAC5005D58D4 /* BaseController.swift */,
				847BE3C71E60825300D96F88 /* Custommer */,
				847BE3C61E60824000D96F88 /* Admin */,
			);
			name = Controller;
			sourceTree = "<group>";
		};
		8492EFB41E0CD877005D58D4 /* Pojo */ = {
			isa = PBXGroup;
			children = (
				84B03A0B1E189FAD0030B767 /* HangXe.swift */,
				84B03A0D1E189FD80030B767 /* LoaiXe.swift */,
				84B03A0F1E189FEC0030B767 /* SanPham.swift */,
				84B03A111E18A0210030B767 /* KhachHang.swift */,
				84B03A131E18A0440030B767 /* DiaChi.swift */,
				8487274B1E1A8EE8008D3F0E /* TinTuc.swift */,
				8478A0801E1F9437001919E8 /* HoiDap.swift */,
				84BDBAD51E599D7A0082D571 /* GioHang.swift */,
				846AEF091E5B2DFE000805C9 /* DonHang.swift */,
				8490FE4B1E5EF68D001BE617 /* Permission.swift */,
				846906E91E6AD23900B40713 /* NhanVien.swift */,
			);
			name = Pojo;
			sourceTree = "<group>";
		};
		8492EFB71E0CD967005D58D4 /* MyLibrary */ = {
			isa = PBXGroup;
			children = (
				8492EFB21E0CD870005D58D4 /* Constants.swift */,
				8492EFB81E0CD981005D58D4 /* Extension.swift */,
				8492EFBA1E0CD9B0005D58D4 /* AppStyle.swift */,
				848945371E4C782000B2C873 /* CustomBGSectionColletionView.swift */,
			);
			name = MyLibrary;
			sourceTree = "<group>";
		};
		84B03A171E18A1D50030B767 /* Protocol */ = {
			isa = PBXGroup;
			children = (
				84A43E721E55924D00764564 /* MyProtocol.swift */,
			);
			name = Protocol;
			sourceTree = "<group>";
		};
		84FAEEE11E0CD22400745B1D = {
			isa = PBXGroup;
			children = (
				84FAEEEC1E0CD22400745B1D /* PhuTungMotor */,
				84FAEEEB1E0CD22400745B1D /* Products */,
				CC5D44CC2185C132944F00EA /* Pods */,
				8D01FBC3BDF500397EB6FDEB /* Frameworks */,
			);
			sourceTree = "<group>";
		};
		84FAEEEB1E0CD22400745B1D /* Products */ = {
			isa = PBXGroup;
			children = (
				84FAEEEA1E0CD22400745B1D /* PhuTungMotor.app */,
			);
			name = Products;
			sourceTree = "<group>";
		};
		84FAEEEC1E0CD22400745B1D /* PhuTungMotor */ = {
			isa = PBXGroup;
			children = (
				8455D2C91E1E826A0021D0F1 /* Support */,
				84B03A171E18A1D50030B767 /* Protocol */,
				8484E9961E16B660009EF666 /* View */,
				8492EFB71E0CD967005D58D4 /* MyLibrary */,
				8492EFB41E0CD877005D58D4 /* Pojo */,
				8492EFAF1E0CD82B005D58D4 /* Controller */,
			);
			path = PhuTungMotor;
			sourceTree = "<group>";
		};
		8D01FBC3BDF500397EB6FDEB /* Frameworks */ = {
			isa = PBXGroup;
			children = (
				236C21CB9223DBA7315C97A2 /* Pods_PhuTungMotor.framework */,
			);
			name = Frameworks;
			sourceTree = "<group>";
		};
		CC5D44CC2185C132944F00EA /* Pods */ = {
			isa = PBXGroup;
			children = (
				F26D3C2CF293ABF91272C066 /* Pods-PhuTungMotor.debug.xcconfig */,
				AD072B63514E94792B06B19D /* Pods-PhuTungMotor.release.xcconfig */,
			);
			name = Pods;
			sourceTree = "<group>";
		};
/* End PBXGroup section */

/* Begin PBXNativeTarget section */
		84FAEEE91E0CD22400745B1D /* PhuTungMotor */ = {
			isa = PBXNativeTarget;
			buildConfigurationList = 84FAEEFC1E0CD22400745B1D /* Build configuration list for PBXNativeTarget "PhuTungMotor" */;
			buildPhases = (
				1484261B6C1873B64CD3BAB3 /* [CP] Check Pods Manifest.lock */,
				84FAEEE61E0CD22400745B1D /* Sources */,
				84FAEEE71E0CD22400745B1D /* Frameworks */,
				84FAEEE81E0CD22400745B1D /* Resources */,
				BEFDFD8783C2F131E4DF4824 /* [CP] Embed Pods Frameworks */,
				AF6B7A5E6D382CBF301004E8 /* [CP] Copy Pods Resources */,
			);
			buildRules = (
			);
			dependencies = (
			);
			name = PhuTungMotor;
			productName = PhuTungMotor;
			productReference = 84FAEEEA1E0CD22400745B1D /* PhuTungMotor.app */;
			productType = "com.apple.product-type.application";
		};
/* End PBXNativeTarget section */

/* Begin PBXProject section */
		84FAEEE21E0CD22400745B1D /* Project object */ = {
			isa = PBXProject;
			attributes = {
				LastSwiftUpdateCheck = 0810;
				LastUpgradeCheck = 0810;
				ORGANIZATIONNAME = admin;
				TargetAttributes = {
					84FAEEE91E0CD22400745B1D = {
						CreatedOnToolsVersion = 8.1;
						ProvisioningStyle = Automatic;
					};
				};
			};
			buildConfigurationList = 84FAEEE51E0CD22400745B1D /* Build configuration list for PBXProject "PhuTungMotor" */;
			compatibilityVersion = "Xcode 3.2";
			developmentRegion = English;
			hasScannedForEncodings = 0;
			knownRegions = (
				en,
				Base,
			);
			mainGroup = 84FAEEE11E0CD22400745B1D;
			productRefGroup = 84FAEEEB1E0CD22400745B1D /* Products */;
			projectDirPath = "";
			projectRoot = "";
			targets = (
				84FAEEE91E0CD22400745B1D /* PhuTungMotor */,
			);
		};
/* End PBXProject section */

/* Begin PBXResourcesBuildPhase section */
		84FAEEE81E0CD22400745B1D /* Resources */ = {
			isa = PBXResourcesBuildPhase;
			buildActionMask = 2147483647;
			files = (
				84FAEEF81E0CD22400745B1D /* LaunchScreen.storyboard in Resources */,
				8492EFBF1E0CDAAD005D58D4 /* GoogleService-Info.plist in Resources */,
				84FAEEF51E0CD22400745B1D /* Assets.xcassets in Resources */,
				84FAEEF31E0CD22400745B1D /* Main.storyboard in Resources */,
			);
			runOnlyForDeploymentPostprocessing = 0;
		};
/* End PBXResourcesBuildPhase section */

/* Begin PBXShellScriptBuildPhase section */
		1484261B6C1873B64CD3BAB3 /* [CP] Check Pods Manifest.lock */ = {
			isa = PBXShellScriptBuildPhase;
			buildActionMask = 2147483647;
			files = (
			);
			inputPaths = (
			);
			name = "[CP] Check Pods Manifest.lock";
			outputPaths = (
			);
			runOnlyForDeploymentPostprocessing = 0;
			shellPath = /bin/sh;
			shellScript = "diff \"${PODS_ROOT}/../Podfile.lock\" \"${PODS_ROOT}/Manifest.lock\" > /dev/null\nif [ $? != 0 ] ; then\n    # print error to STDERR\n    echo \"error: The sandbox is not in sync with the Podfile.lock. Run 'pod install' or update your CocoaPods installation.\" >&2\n    exit 1\nfi\n";
			showEnvVarsInLog = 0;
		};
		AF6B7A5E6D382CBF301004E8 /* [CP] Copy Pods Resources */ = {
			isa = PBXShellScriptBuildPhase;
			buildActionMask = 2147483647;
			files = (
			);
			inputPaths = (
			);
			name = "[CP] Copy Pods Resources";
			outputPaths = (
			);
			runOnlyForDeploymentPostprocessing = 0;
			shellPath = /bin/sh;
			shellScript = "\"${SRCROOT}/Pods/Target Support Files/Pods-PhuTungMotor/Pods-PhuTungMotor-resources.sh\"\n";
			showEnvVarsInLog = 0;
		};
		BEFDFD8783C2F131E4DF4824 /* [CP] Embed Pods Frameworks */ = {
			isa = PBXShellScriptBuildPhase;
			buildActionMask = 2147483647;
			files = (
			);
			inputPaths = (
			);
			name = "[CP] Embed Pods Frameworks";
			outputPaths = (
			);
			runOnlyForDeploymentPostprocessing = 0;
			shellPath = /bin/sh;
			shellScript = "\"${SRCROOT}/Pods/Target Support Files/Pods-PhuTungMotor/Pods-PhuTungMotor-frameworks.sh\"\n";
			showEnvVarsInLog = 0;
		};
/* End PBXShellScriptBuildPhase section */

/* Begin PBXSourcesBuildPhase section */
		84FAEEE61E0CD22400745B1D /* Sources */ = {
			isa = PBXSourcesBuildPhase;
			buildActionMask = 2147483647;
			files = (
				84D47FFE1E1F9B3300F93FFD /* CellHoiDap.swift in Sources */,
				84D4E1F11E67CC6600E00D44 /* DatCauHoiController.swift in Sources */,
				8486E19F1E6034320085782D /* ListPerController.swift in Sources */,
				84B03A101E189FEC0030B767 /* SanPham.swift in Sources */,
				84B03A0C1E189FAD0030B767 /* HangXe.swift in Sources */,
				84BDBAD61E599D7A0082D571 /* GioHang.swift in Sources */,
				846906E81E6ACA1700B40713 /* TaiKhoanController.swift in Sources */,
				8492EFB11E0CD841005D58D4 /* IntroController.swift in Sources */,
				84B03A121E18A0210030B767 /* KhachHang.swift in Sources */,
				8492EFCA1E0CDAC5005D58D4 /* RegisterController.swift in Sources */,
				8490FE481E5ED8BB001BE617 /* CellPermission.swift in Sources */,
				84A9969B1E4D5A2300FBFE86 /* CellBanner.swift in Sources */,
				848991221E1BA5D80005CC7B /* TinTucDetailController.swift in Sources */,
				84A9969F1E4D608000FBFE86 /* LoaiXeController.swift in Sources */,
				848C90001E7013F500AE4E24 /* XacNhanHDController.swift in Sources */,
				847640451E58573B0053EA9C /* ShoppingController.swift in Sources */,
				8490FE4C1E5EF68D001BE617 /* Permission.swift in Sources */,
				848607F11E6C062600C9DE02 /* AddAccController.swift in Sources */,
				8492EFC91E0CDAC5005D58D4 /* LoginController.swift in Sources */,
				8492EFC71E0CDAC5005D58D4 /* ForgotPassController.swift in Sources */,
				849F0A441E5E9ACD00341FD9 /* AdminController.swift in Sources */,
				84FDD9561E1A4CAF00935753 /* ChangePassController.swift in Sources */,
				84BCDC6A1E26388000A2A7D3 /* CellSanPham.swift in Sources */,
				846906EA1E6AD23900B40713 /* NhanVien.swift in Sources */,
				84B03A141E18A0440030B767 /* DiaChi.swift in Sources */,
				848727501E1A975F008D3F0E /* BaseCollectCell.swift in Sources */,
				846AEF0C1E5B3134000805C9 /* CellDonHang.swift in Sources */,
				848E27B01E59D12D00B5A5E5 /* CellSumShopping.swift in Sources */,
				8486DE331E6FBC9F00830AF8 /* TraLoiHoiDapController.swift in Sources */,
				84E8DBCF1E5FD2EC00636E26 /* CellPhanQuyen.swift in Sources */,
				8487274C1E1A8EE8008D3F0E /* TinTuc.swift in Sources */,
				84B03A161E18A0CD0030B767 /* CellMenu.swift in Sources */,
				84BDBAD41E5995450082D571 /* BaseCollReusableView.swift in Sources */,
				84D47FFC1E1F9A3B00F93FFD /* HoiDapDetailController.swift in Sources */,
				8492EFC61E0CDAC5005D58D4 /* BaseController.swift in Sources */,
				8486E1A11E6035B60085782D /* MenuAdminController.swift in Sources */,
				84A43E731E55924D00764564 /* MyProtocol.swift in Sources */,
				84BCDC681E26350800A2A7D3 /* CellLoaiXe.swift in Sources */,
				8492EFBD1E0CDA38005D58D4 /* BaseTableCell.swift in Sources */,
				8487274E1E1A91EA008D3F0E /* CellTinTuc.swift in Sources */,
				8478A07F1E1F8B72001919E8 /* HoiDapController.swift in Sources */,
				8492EFB91E0CD981005D58D4 /* Extension.swift in Sources */,
				8492EFCB1E0CDAC5005D58D4 /* UpdateInfoController.swift in Sources */,
				8441CE271E5DB81C00B95A39 /* SearchController.swift in Sources */,
				84A9969D1E4D5DE500FBFE86 /* ProductController.swift in Sources */,
				847BE3C91E6085CB00D96F88 /* SuaDNController.swift in Sources */,
				84FAEEEE1E0CD22400745B1D /* AppDelegate.swift in Sources */,
				8487274A1E1A8C3F008D3F0E /* TinTucController.swift in Sources */,
				8486DE311E6FA1AB00830AF8 /* LstHoiDapAdController.swift in Sources */,
				846AEF0A1E5B2DFE000805C9 /* DonHang.swift in Sources */,
				84B03A0E1E189FD80030B767 /* LoaiXe.swift in Sources */,
				8478A0811E1F9437001919E8 /* HoiDap.swift in Sources */,
				846906EC1E6AD7A000B40713 /* CellTaiKhoan.swift in Sources */,
				847E4CD81E5C235900B84FFF /* ChiTietDHController.swift in Sources */,
				8492EFB31E0CD870005D58D4 /* Constants.swift in Sources */,
				849DFF321E306BAE00B36605 /* HeaderSanPham.swift in Sources */,
				846AEF081E5B2D48000805C9 /* DonHangController.swift in Sources */,
				84A43E751E559A1700764564 /* ProductDetailController.swift in Sources */,
				848945381E4C782000B2C873 /* CustomBGSectionColletionView.swift in Sources */,
				8492EFBB1E0CD9B0005D58D4 /* AppStyle.swift in Sources */,
				84681EFE1E6EDF30005BB939 /* HoiDapAdController.swift in Sources */,
				847640471E5858360053EA9C /* CellShopping.swift in Sources */,
				847E4CDA1E5C297B00B84FFF /* CellProduct.swift in Sources */,
				84BDBAD21E5993380082D571 /* FooterShopping.swift in Sources */,
				8447F7721E4DB2C900B21A19 /* TrangChuController.swift in Sources */,
			);
			runOnlyForDeploymentPostprocessing = 0;
		};
/* End PBXSourcesBuildPhase section */

/* Begin PBXVariantGroup section */
		84FAEEF11E0CD22400745B1D /* Main.storyboard */ = {
			isa = PBXVariantGroup;
			children = (
				84FAEEF21E0CD22400745B1D /* Base */,
			);
			name = Main.storyboard;
			sourceTree = "<group>";
		};
		84FAEEF61E0CD22400745B1D /* LaunchScreen.storyboard */ = {
			isa = PBXVariantGroup;
			children = (
				84FAEEF71E0CD22400745B1D /* Base */,
			);
			name = LaunchScreen.storyboard;
			sourceTree = "<group>";
		};
/* End PBXVariantGroup section */

/* Begin XCBuildConfiguration section */
		84FAEEFA1E0CD22400745B1D /* Debug */ = {
			isa = XCBuildConfiguration;
			buildSettings = {
				ALWAYS_SEARCH_USER_PATHS = NO;
				CLANG_ANALYZER_NONNULL = YES;
				CLANG_CXX_LANGUAGE_STANDARD = "gnu++0x";
				CLANG_CXX_LIBRARY = "libc++";
				CLANG_ENABLE_MODULES = YES;
				CLANG_ENABLE_OBJC_ARC = YES;
				CLANG_WARN_BOOL_CONVERSION = YES;
				CLANG_WARN_CONSTANT_CONVERSION = YES;
				CLANG_WARN_DIRECT_OBJC_ISA_USAGE = YES_ERROR;
				CLANG_WARN_DOCUMENTATION_COMMENTS = YES;
				CLANG_WARN_EMPTY_BODY = YES;
				CLANG_WARN_ENUM_CONVERSION = YES;
				CLANG_WARN_INFINITE_RECURSION = YES;
				CLANG_WARN_INT_CONVERSION = YES;
				CLANG_WARN_OBJC_ROOT_CLASS = YES_ERROR;
				CLANG_WARN_SUSPICIOUS_MOVE = YES;
				CLANG_WARN_SUSPICIOUS_MOVES = YES;
				CLANG_WARN_UNREACHABLE_CODE = YES;
				CLANG_WARN__DUPLICATE_METHOD_MATCH = YES;
				"CODE_SIGN_IDENTITY[sdk=iphoneos*]" = "iPhone Developer";
				COPY_PHASE_STRIP = NO;
				DEBUG_INFORMATION_FORMAT = dwarf;
				ENABLE_STRICT_OBJC_MSGSEND = YES;
				ENABLE_TESTABILITY = YES;
				GCC_C_LANGUAGE_STANDARD = gnu99;
				GCC_DYNAMIC_NO_PIC = NO;
				GCC_NO_COMMON_BLOCKS = YES;
				GCC_OPTIMIZATION_LEVEL = 0;
				GCC_PREPROCESSOR_DEFINITIONS = (
					"DEBUG=1",
					"$(inherited)",
				);
				GCC_WARN_64_TO_32_BIT_CONVERSION = YES;
				GCC_WARN_ABOUT_RETURN_TYPE = YES_ERROR;
				GCC_WARN_UNDECLARED_SELECTOR = YES;
				GCC_WARN_UNINITIALIZED_AUTOS = YES_AGGRESSIVE;
				GCC_WARN_UNUSED_FUNCTION = YES;
				GCC_WARN_UNUSED_VARIABLE = YES;
				IPHONEOS_DEPLOYMENT_TARGET = 9.0;
				MTL_ENABLE_DEBUG_INFO = YES;
				ONLY_ACTIVE_ARCH = YES;
				SDKROOT = iphoneos;
				SWIFT_ACTIVE_COMPILATION_CONDITIONS = DEBUG;
				SWIFT_OPTIMIZATION_LEVEL = "-Onone";
				TARGETED_DEVICE_FAMILY = "1,2";
			};
			name = Debug;
		};
		84FAEEFB1E0CD22400745B1D /* Release */ = {
			isa = XCBuildConfiguration;
			buildSettings = {
				ALWAYS_SEARCH_USER_PATHS = NO;
				CLANG_ANALYZER_NONNULL = YES;
				CLANG_CXX_LANGUAGE_STANDARD = "gnu++0x";
				CLANG_CXX_LIBRARY = "libc++";
				CLANG_ENABLE_MODULES = YES;
				CLANG_ENABLE_OBJC_ARC = YES;
				CLANG_WARN_BOOL_CONVERSION = YES;
				CLANG_WARN_CONSTANT_CONVERSION = YES;
				CLANG_WARN_DIRECT_OBJC_ISA_USAGE = YES_ERROR;
				CLANG_WARN_DOCUMENTATION_COMMENTS = YES;
				CLANG_WARN_EMPTY_BODY = YES;
				CLANG_WARN_ENUM_CONVERSION = YES;
				CLANG_WARN_INFINITE_RECURSION = YES;
				CLANG_WARN_INT_CONVERSION = YES;
				CLANG_WARN_OBJC_ROOT_CLASS = YES_ERROR;
				CLANG_WARN_SUSPICIOUS_MOVE = YES;
				CLANG_WARN_SUSPICIOUS_MOVES = YES;
				CLANG_WARN_UNREACHABLE_CODE = YES;
				CLANG_WARN__DUPLICATE_METHOD_MATCH = YES;
				"CODE_SIGN_IDENTITY[sdk=iphoneos*]" = "iPhone Developer";
				COPY_PHASE_STRIP = NO;
				DEBUG_INFORMATION_FORMAT = "dwarf-with-dsym";
				ENABLE_NS_ASSERTIONS = NO;
				ENABLE_STRICT_OBJC_MSGSEND = YES;
				GCC_C_LANGUAGE_STANDARD = gnu99;
				GCC_NO_COMMON_BLOCKS = YES;
				GCC_WARN_64_TO_32_BIT_CONVERSION = YES;
				GCC_WARN_ABOUT_RETURN_TYPE = YES_ERROR;
				GCC_WARN_UNDECLARED_SELECTOR = YES;
				GCC_WARN_UNINITIALIZED_AUTOS = YES_AGGRESSIVE;
				GCC_WARN_UNUSED_FUNCTION = YES;
				GCC_WARN_UNUSED_VARIABLE = YES;
				IPHONEOS_DEPLOYMENT_TARGET = 9.0;
				MTL_ENABLE_DEBUG_INFO = NO;
				SDKROOT = iphoneos;
				SWIFT_OPTIMIZATION_LEVEL = "-Owholemodule";
				TARGETED_DEVICE_FAMILY = "1,2";
				VALIDATE_PRODUCT = YES;
			};
			name = Release;
		};
		84FAEEFD1E0CD22400745B1D /* Debug */ = {
			isa = XCBuildConfiguration;
			baseConfigurationReference = F26D3C2CF293ABF91272C066 /* Pods-PhuTungMotor.debug.xcconfig */;
			buildSettings = {
				ASSETCATALOG_COMPILER_APPICON_NAME = AppIcon;
				DEVELOPMENT_TEAM = "";
				INFOPLIST_FILE = PhuTungMotor/Info.plist;
				IPHONEOS_DEPLOYMENT_TARGET = 9.0;
				LD_RUNPATH_SEARCH_PATHS = "$(inherited) @executable_path/Frameworks";
				PRODUCT_BUNDLE_IDENTIFIER = mytruong.PhuTungMotor.v1;
				PRODUCT_NAME = "$(TARGET_NAME)";
				SWIFT_VERSION = 3.0;
			};
			name = Debug;
		};
		84FAEEFE1E0CD22400745B1D /* Release */ = {
			isa = XCBuildConfiguration;
			baseConfigurationReference = AD072B63514E94792B06B19D /* Pods-PhuTungMotor.release.xcconfig */;
			buildSettings = {
				ASSETCATALOG_COMPILER_APPICON_NAME = AppIcon;
				DEVELOPMENT_TEAM = "";
				INFOPLIST_FILE = PhuTungMotor/Info.plist;
				IPHONEOS_DEPLOYMENT_TARGET = 9.0;
				LD_RUNPATH_SEARCH_PATHS = "$(inherited) @executable_path/Frameworks";
				PRODUCT_BUNDLE_IDENTIFIER = mytruong.PhuTungMotor.v1;
				PRODUCT_NAME = "$(TARGET_NAME)";
				SWIFT_VERSION = 3.0;
			};
			name = Release;
		};
/* End XCBuildConfiguration section */

/* Begin XCConfigurationList section */
		84FAEEE51E0CD22400745B1D /* Build configuration list for PBXProject "PhuTungMotor" */ = {
			isa = XCConfigurationList;
			buildConfigurations = (
				84FAEEFA1E0CD22400745B1D /* Debug */,
				84FAEEFB1E0CD22400745B1D /* Release */,
			);
			defaultConfigurationIsVisible = 0;
			defaultConfigurationName = Release;
		};
		84FAEEFC1E0CD22400745B1D /* Build configuration list for PBXNativeTarget "PhuTungMotor" */ = {
			isa = XCConfigurationList;
			buildConfigurations = (
				84FAEEFD1E0CD22400745B1D /* Debug */,
				84FAEEFE1E0CD22400745B1D /* Release */,
			);
			defaultConfigurationIsVisible = 0;
			defaultConfigurationName = Release;
		};
/* End XCConfigurationList section */
	};
	rootObject = 84FAEEE21E0CD22400745B1D /* Project object */;
}
